
Microsoft Visual Studio Solution File, Format Version 12.00
# Visual Studio 15
VisualStudioVersion = 15.0.27130.2027
MinimumVisualStudioVersion = 10.0.40219.1
Project("{9A19103F-16F7-4668-BE54-9A1E7A4F7556}") = "ApplicantPortal", "ApplicantPortal\ApplicantPortal.csproj", "{2419602E-3566-46C3-9401-B19D83A1A03E}"
EndProject
Project("{FAE04EC0-301F-11D3-BF4B-00C04F79EFBC}") = "ApplicantPortalUT", "ApplicantPortalUT\ApplicantPortalUT.csproj", "{4D8D6EA8-5C5F-4020-A12E-B4DDE1BA4384}"
EndProject
Global
	GlobalSection(SolutionConfigurationPlatforms) = preSolution
		Debug|Any CPU = Debug|Any CPU
		Release|Any CPU = Release|Any CPU
	EndGlobalSection
	GlobalSection(ProjectConfigurationPlatforms) = postSolution
		{2419602E-3566-46C3-9401-B19D83A1A03E}.Debug|Any CPU.ActiveCfg = Debug|Any CPU
		{2419602E-3566-46C3-9401-B19D83A1A03E}.Debug|Any CPU.Build.0 = Debug|Any CPU
		{2419602E-3566-46C3-9401-B19D83A1A03E}.Release|Any CPU.ActiveCfg = Release|Any CPU
		{2419602E-3566-46C3-9401-B19D83A1A03E}.Release|Any CPU.Build.0 = Release|Any CPU
		{4D8D6EA8-5C5F-4020-A12E-B4DDE1BA4384}.Debug|Any CPU.ActiveCfg = Debug|Any CPU
		{4D8D6EA8-5C5F-4020-A12E-B4DDE1BA4384}.Debug|Any CPU.Build.0 = Debug|Any CPU
		{4D8D6EA8-5C5F-4020-A12E-B4DDE1BA4384}.Release|Any CPU.ActiveCfg = Release|Any CPU
		{4D8D6EA8-5C5F-4020-A12E-B4DDE1BA4384}.Release|Any CPU.Build.0 = Release|Any CPU
	EndGlobalSection
	GlobalSection(SolutionProperties) = preSolution
		HideSolutionNode = FALSE
	EndGlobalSection
	GlobalSection(ExtensibilityGlobals) = postSolution
		SolutionGuid = {E90F8653-2FFE-43C7-B8D4-027D748B7461}
	EndGlobalSection
EndGlobal
